
Microsoft Visual Studio Solution File, Format Version 12.00
# Visual Studio Version 16
VisualStudioVersion = 16.0.31129.286
MinimumVisualStudioVersion = 10.0.40219.1
Project("{FAE04EC0-301F-11D3-BF4B-00C04F79EFBC}") = "Space2D", "Space2D\Space2D.csproj", "{2B75BBE4-3DE7-4FCE-B0C4-971400D951AD}"
EndProject
Global
	GlobalSection(SolutionConfigurationPlatforms) = preSolution
		Debug|Any CPU = Debug|Any CPU
		Release|Any CPU = Release|Any CPU
	EndGlobalSection
	GlobalSection(ProjectConfigurationPlatforms) = postSolution
		{2B75BBE4-3DE7-4FCE-B0C4-971400D951AD}.Debug|Any CPU.ActiveCfg = Debug|Any CPU
		{2B75BBE4-3DE7-4FCE-B0C4-971400D951AD}.Debug|Any CPU.Build.0 = Debug|Any CPU
		{2B75BBE4-3DE7-4FCE-B0C4-971400D951AD}.Release|Any CPU.ActiveCfg = Release|Any CPU
		{2B75BBE4-3DE7-4FCE-B0C4-971400D951AD}.Release|Any CPU.Build.0 = Release|Any CPU
	EndGlobalSection
	GlobalSection(SolutionProperties) = preSolution
		HideSolutionNode = FALSE
	EndGlobalSection
	GlobalSection(ExtensibilityGlobals) = postSolution
		SolutionGuid = {395DFB91-8DFC-472C-95A2-C70C160A9EF8}
	EndGlobalSection
EndGlobal
