
Microsoft Visual Studio Solution File, Format Version 12.00
# Visual Studio Version 16
VisualStudioVersion = 16.0.31129.286
MinimumVisualStudioVersion = 10.0.40219.1
Project("{FAE04EC0-301F-11D3-BF4B-00C04F79EFBC}") = "HOMM3", "HOMM3.csproj", "{364E94F7-8059-4A2F-AFF1-C5F2DB2CA94C}"
EndProject
Project("{2150E333-8FDC-42A3-9474-1A3956D46DE8}") = "Solution Items", "Solution Items", "{C4ACD6F0-DB91-40C6-B61C-F6B5CEBBD309}"
EndProject
Global
	GlobalSection(SolutionConfigurationPlatforms) = preSolution
		Debug|Any CPU = Debug|Any CPU
		Release|Any CPU = Release|Any CPU
	EndGlobalSection
	GlobalSection(ProjectConfigurationPlatforms) = postSolution
		{364E94F7-8059-4A2F-AFF1-C5F2DB2CA94C}.Debug|Any CPU.ActiveCfg = Debug|Any CPU
		{364E94F7-8059-4A2F-AFF1-C5F2DB2CA94C}.Debug|Any CPU.Build.0 = Debug|Any CPU
		{364E94F7-8059-4A2F-AFF1-C5F2DB2CA94C}.Release|Any CPU.ActiveCfg = Release|Any CPU
		{364E94F7-8059-4A2F-AFF1-C5F2DB2CA94C}.Release|Any CPU.Build.0 = Release|Any CPU
	EndGlobalSection
	GlobalSection(SolutionProperties) = preSolution
		HideSolutionNode = FALSE
	EndGlobalSection
	GlobalSection(ExtensibilityGlobals) = postSolution
		SolutionGuid = {BB2AEAF6-546E-4069-8D50-2A23A4899395}
	EndGlobalSection
EndGlobal
