
Microsoft Visual Studio Solution File, Format Version 11.00
# Visual Studio 2010
Project("{FAE04EC0-301F-11D3-BF4B-00C04F79EFBC}") = "Sorting", "Sorting\Sorting.csproj", "{D0085A3D-F793-43F6-A3EA-F92037C07B6A}"
EndProject
Global
	GlobalSection(SolutionConfigurationPlatforms) = preSolution
		Debug|Any CPU = Debug|Any CPU
		Release|Any CPU = Release|Any CPU
	EndGlobalSection
	GlobalSection(ProjectConfigurationPlatforms) = postSolution
		{D0085A3D-F793-43F6-A3EA-F92037C07B6A}.Debug|Any CPU.ActiveCfg = Debug|Any CPU
		{D0085A3D-F793-43F6-A3EA-F92037C07B6A}.Debug|Any CPU.Build.0 = Debug|Any CPU
		{D0085A3D-F793-43F6-A3EA-F92037C07B6A}.Release|Any CPU.ActiveCfg = Release|Any CPU
		{D0085A3D-F793-43F6-A3EA-F92037C07B6A}.Release|Any CPU.Build.0 = Release|Any CPU
	EndGlobalSection
	GlobalSection(SolutionProperties) = preSolution
		HideSolutionNode = FALSE
	EndGlobalSection
EndGlobal
