
Microsoft Visual Studio Solution File, Format Version 12.00
# Visual Studio Version 17
VisualStudioVersion = 17.14.36603.0 d17.14
MinimumVisualStudioVersion = 10.0.40219.1
Project("{FAE04EC0-301F-11D3-BF4B-00C04F79EFBC}") = "game2Forms", "game2Forms\game2Forms.csproj", "{F1A022C5-F6FC-4BBA-95C0-9312DF878918}"
EndProject
Project("{FAE04EC0-301F-11D3-BF4B-00C04F79EFBC}") = "game2", "game2\game2.csproj", "{7CAB19CF-CA5E-4D2A-BE51-1F0890512621}"
EndProject
Global
	GlobalSection(SolutionConfigurationPlatforms) = preSolution
		Debug|Any CPU = Debug|Any CPU
		Release|Any CPU = Release|Any CPU
	EndGlobalSection
	GlobalSection(ProjectConfigurationPlatforms) = postSolution
		{F1A022C5-F6FC-4BBA-95C0-9312DF878918}.Debug|Any CPU.ActiveCfg = Debug|Any CPU
		{F1A022C5-F6FC-4BBA-95C0-9312DF878918}.Debug|Any CPU.Build.0 = Debug|Any CPU
		{F1A022C5-F6FC-4BBA-95C0-9312DF878918}.Release|Any CPU.ActiveCfg = Release|Any CPU
		{F1A022C5-F6FC-4BBA-95C0-9312DF878918}.Release|Any CPU.Build.0 = Release|Any CPU
		{7CAB19CF-CA5E-4D2A-BE51-1F0890512621}.Debug|Any CPU.ActiveCfg = Debug|Any CPU
		{7CAB19CF-CA5E-4D2A-BE51-1F0890512621}.Debug|Any CPU.Build.0 = Debug|Any CPU
		{7CAB19CF-CA5E-4D2A-BE51-1F0890512621}.Release|Any CPU.ActiveCfg = Release|Any CPU
		{7CAB19CF-CA5E-4D2A-BE51-1F0890512621}.Release|Any CPU.Build.0 = Release|Any CPU
	EndGlobalSection
	GlobalSection(SolutionProperties) = preSolution
		HideSolutionNode = FALSE
	EndGlobalSection
	GlobalSection(ExtensibilityGlobals) = postSolution
		SolutionGuid = {85363F11-D43A-4DDE-A2F1-A440591C832A}
	EndGlobalSection
EndGlobal
