
Microsoft Visual Studio Solution File, Format Version 12.00
# Visual Studio Version 16
VisualStudioVersion = 16.0.29613.14
MinimumVisualStudioVersion = 10.0.40219.1
Project("{FAE04EC0-301F-11D3-BF4B-00C04F79EFBC}") = "LeaviathanProwl", "LeaviathanProwl\LeaviathanProwl.csproj", "{21AEBA24-41F5-49A9-B905-02F80AD28173}"
EndProject
Project("{FAE04EC0-301F-11D3-BF4B-00C04F79EFBC}") = "LeaviathanProwlTests", "LeaviathanProwlTests\LeaviathanProwlTests.csproj", "{A50C0848-48E7-4041-890A-065501C66F67}"
EndProject
Global
	GlobalSection(SolutionConfigurationPlatforms) = preSolution
		Debug|Any CPU = Debug|Any CPU
		Release|Any CPU = Release|Any CPU
	EndGlobalSection
	GlobalSection(ProjectConfigurationPlatforms) = postSolution
		{21AEBA24-41F5-49A9-B905-02F80AD28173}.Debug|Any CPU.ActiveCfg = Debug|Any CPU
		{21AEBA24-41F5-49A9-B905-02F80AD28173}.Debug|Any CPU.Build.0 = Debug|Any CPU
		{21AEBA24-41F5-49A9-B905-02F80AD28173}.Release|Any CPU.ActiveCfg = Release|Any CPU
		{21AEBA24-41F5-49A9-B905-02F80AD28173}.Release|Any CPU.Build.0 = Release|Any CPU
		{A50C0848-48E7-4041-890A-065501C66F67}.Debug|Any CPU.ActiveCfg = Debug|Any CPU
		{A50C0848-48E7-4041-890A-065501C66F67}.Debug|Any CPU.Build.0 = Debug|Any CPU
		{A50C0848-48E7-4041-890A-065501C66F67}.Release|Any CPU.ActiveCfg = Release|Any CPU
		{A50C0848-48E7-4041-890A-065501C66F67}.Release|Any CPU.Build.0 = Release|Any CPU
	EndGlobalSection
	GlobalSection(SolutionProperties) = preSolution
		HideSolutionNode = FALSE
	EndGlobalSection
	GlobalSection(ExtensibilityGlobals) = postSolution
		SolutionGuid = {5CB52323-8841-4D69-90B1-5DD6DB4F11E0}
	EndGlobalSection
EndGlobal
